// !$*UTF8*$!
{
	archiveVersion = 1;
	classes = {
	};
	objectVersion = 55;
	objects = {

/* Begin PBXBuildFile section */
		7CF0C777B7D041BEFABDD14C /* Pods_Student_Day.framework in Frameworks */ = {isa = PBXBuildFile; fileRef = 1F30DD24B222130252440634 /* Pods_Student_Day.framework */; };
		EE4A381028E2F3150041C714 /* CellForSchedule.swift in Sources */ = {isa = PBXBuildFile; fileRef = EE4A380E28E2F3150041C714 /* CellForSchedule.swift */; };
		EE4A381128E2F3150041C714 /* CellForSchedule.xib in Resources */ = {isa = PBXBuildFile; fileRef = EE4A380F28E2F3150041C714 /* CellForSchedule.xib */; };
		EE56C7BD29353DED0011433A /* Notifications.swift in Sources */ = {isa = PBXBuildFile; fileRef = EE56C7BC29353DED0011433A /* Notifications.swift */; };
		EE6037C128E499EB00FE308F /* SettingsFirstPageController.swift in Sources */ = {isa = PBXBuildFile; fileRef = EE6037C028E499EB00FE308F /* SettingsFirstPageController.swift */; };
		EE6037C328E4A7CC00FE308F /* SettingsClassesController.swift in Sources */ = {isa = PBXBuildFile; fileRef = EE6037C228E4A7CC00FE308F /* SettingsClassesController.swift */; };
		EE6BF66328EAF404006CFAD0 /* Student Day.xcdatamodeld in Sources */ = {isa = PBXBuildFile; fileRef = EE6BF66128EAF404006CFAD0 /* Student Day.xcdatamodeld */; };
		EE6FE3AB28E4AEB900F0EADA /* Storage.swift in Sources */ = {isa = PBXBuildFile; fileRef = EE6FE3AA28E4AEB900F0EADA /* Storage.swift */; };
		EE8110B128E8E628003E0CF8 /* ChoosingTypeOfClassCell.swift in Sources */ = {isa = PBXBuildFile; fileRef = EE8110AF28E8E628003E0CF8 /* ChoosingTypeOfClassCell.swift */; };
		EE8110B228E8E628003E0CF8 /* ChoosingTypeOfClassCell.xib in Resources */ = {isa = PBXBuildFile; fileRef = EE8110B028E8E628003E0CF8 /* ChoosingTypeOfClassCell.xib */; };
		EE9C835728E4526800A3E603 /* CellForScheduleModel.swift in Sources */ = {isa = PBXBuildFile; fileRef = EE9C835628E4526800A3E603 /* CellForScheduleModel.swift */; };
		EEAA478128E88B0C00E7D087 /* ChoosingColorAndTypeController.swift in Sources */ = {isa = PBXBuildFile; fileRef = EEAA478028E88B0C00E7D087 /* ChoosingColorAndTypeController.swift */; };
		EEADA21328E6818D007B11B2 /* AddingClassController.swift in Sources */ = {isa = PBXBuildFile; fileRef = EEADA21228E6818D007B11B2 /* AddingClassController.swift */; };
		EEBB738F28F6F8320086B48D /* AddedSubjectTeacherPlaceController.swift in Sources */ = {isa = PBXBuildFile; fileRef = EEBB738E28F6F8320086B48D /* AddedSubjectTeacherPlaceController.swift */; };
		EEC5884228E1C656005FB604 /* ScheduleViewController.swift in Sources */ = {isa = PBXBuildFile; fileRef = EEC5884128E1C656005FB604 /* ScheduleViewController.swift */; };
		EED70C2E28E1AA3C009B976C /* AppDelegate.swift in Sources */ = {isa = PBXBuildFile; fileRef = EED70C2D28E1AA3C009B976C /* AppDelegate.swift */; };
		EED70C3028E1AA3C009B976C /* SceneDelegate.swift in Sources */ = {isa = PBXBuildFile; fileRef = EED70C2F28E1AA3C009B976C /* SceneDelegate.swift */; };
		EED70C3528E1AA3C009B976C /* Main.storyboard in Resources */ = {isa = PBXBuildFile; fileRef = EED70C3328E1AA3C009B976C /* Main.storyboard */; };
		EED70C3728E1AA3F009B976C /* Assets.xcassets in Resources */ = {isa = PBXBuildFile; fileRef = EED70C3628E1AA3F009B976C /* Assets.xcassets */; };
		EED70C3A28E1AA3F009B976C /* LaunchScreen.storyboard in Resources */ = {isa = PBXBuildFile; fileRef = EED70C3828E1AA3F009B976C /* LaunchScreen.storyboard */; };
/* End PBXBuildFile section */

/* Begin PBXFileReference section */
		1F30DD24B222130252440634 /* Pods_Student_Day.framework */ = {isa = PBXFileReference; explicitFileType = wrapper.framework; includeInIndex = 0; path = Pods_Student_Day.framework; sourceTree = BUILT_PRODUCTS_DIR; };
		A4C4E7FC8445B96229CE36E2 /* Pods-Student Day.debug.xcconfig */ = {isa = PBXFileReference; includeInIndex = 1; lastKnownFileType = text.xcconfig; name = "Pods-Student Day.debug.xcconfig"; path = "Target Support Files/Pods-Student Day/Pods-Student Day.debug.xcconfig"; sourceTree = "<group>"; };
		BA32DF8EF6545A037D3B9D58 /* Pods-Student Day.release.xcconfig */ = {isa = PBXFileReference; includeInIndex = 1; lastKnownFileType = text.xcconfig; name = "Pods-Student Day.release.xcconfig"; path = "Target Support Files/Pods-Student Day/Pods-Student Day.release.xcconfig"; sourceTree = "<group>"; };
		EE4A380E28E2F3150041C714 /* CellForSchedule.swift */ = {isa = PBXFileReference; lastKnownFileType = sourcecode.swift; path = CellForSchedule.swift; sourceTree = "<group>"; };
		EE4A380F28E2F3150041C714 /* CellForSchedule.xib */ = {isa = PBXFileReference; lastKnownFileType = file.xib; path = CellForSchedule.xib; sourceTree = "<group>"; };
		EE56C7BC29353DED0011433A /* Notifications.swift */ = {isa = PBXFileReference; lastKnownFileType = sourcecode.swift; path = Notifications.swift; sourceTree = "<group>"; };
		EE6037C028E499EB00FE308F /* SettingsFirstPageController.swift */ = {isa = PBXFileReference; lastKnownFileType = sourcecode.swift; path = SettingsFirstPageController.swift; sourceTree = "<group>"; };
		EE6037C228E4A7CC00FE308F /* SettingsClassesController.swift */ = {isa = PBXFileReference; lastKnownFileType = sourcecode.swift; path = SettingsClassesController.swift; sourceTree = "<group>"; };
		EE6BF66228EAF404006CFAD0 /* ScheduleData.xcdatamodel */ = {isa = PBXFileReference; lastKnownFileType = wrapper.xcdatamodel; path = ScheduleData.xcdatamodel; sourceTree = "<group>"; };
		EE6FE3AA28E4AEB900F0EADA /* Storage.swift */ = {isa = PBXFileReference; lastKnownFileType = sourcecode.swift; path = Storage.swift; sourceTree = "<group>"; };
		EE8110AF28E8E628003E0CF8 /* ChoosingTypeOfClassCell.swift */ = {isa = PBXFileReference; lastKnownFileType = sourcecode.swift; path = ChoosingTypeOfClassCell.swift; sourceTree = "<group>"; };
		EE8110B028E8E628003E0CF8 /* ChoosingTypeOfClassCell.xib */ = {isa = PBXFileReference; lastKnownFileType = file.xib; path = ChoosingTypeOfClassCell.xib; sourceTree = "<group>"; };
		EE9C835628E4526800A3E603 /* CellForScheduleModel.swift */ = {isa = PBXFileReference; lastKnownFileType = sourcecode.swift; path = CellForScheduleModel.swift; sourceTree = "<group>"; };
		EEAA478028E88B0C00E7D087 /* ChoosingColorAndTypeController.swift */ = {isa = PBXFileReference; lastKnownFileType = sourcecode.swift; path = ChoosingColorAndTypeController.swift; sourceTree = "<group>"; };
		EEADA21228E6818D007B11B2 /* AddingClassController.swift */ = {isa = PBXFileReference; lastKnownFileType = sourcecode.swift; path = AddingClassController.swift; sourceTree = "<group>"; };
		EEBB738E28F6F8320086B48D /* AddedSubjectTeacherPlaceController.swift */ = {isa = PBXFileReference; lastKnownFileType = sourcecode.swift; path = AddedSubjectTeacherPlaceController.swift; sourceTree = "<group>"; };
		EEC5884128E1C656005FB604 /* ScheduleViewController.swift */ = {isa = PBXFileReference; lastKnownFileType = sourcecode.swift; path = ScheduleViewController.swift; sourceTree = "<group>"; };
		EED70C2A28E1AA3C009B976C /* Student Day.app */ = {isa = PBXFileReference; explicitFileType = wrapper.application; includeInIndex = 0; path = "Student Day.app"; sourceTree = BUILT_PRODUCTS_DIR; };
		EED70C2D28E1AA3C009B976C /* AppDelegate.swift */ = {isa = PBXFileReference; lastKnownFileType = sourcecode.swift; path = AppDelegate.swift; sourceTree = "<group>"; };
		EED70C2F28E1AA3C009B976C /* SceneDelegate.swift */ = {isa = PBXFileReference; lastKnownFileType = sourcecode.swift; path = SceneDelegate.swift; sourceTree = "<group>"; };
		EED70C3428E1AA3C009B976C /* Base */ = {isa = PBXFileReference; lastKnownFileType = file.storyboard; name = Base; path = Base.lproj/Main.storyboard; sourceTree = "<group>"; };
		EED70C3628E1AA3F009B976C /* Assets.xcassets */ = {isa = PBXFileReference; lastKnownFileType = folder.assetcatalog; path = Assets.xcassets; sourceTree = "<group>"; };
		EED70C3928E1AA3F009B976C /* Base */ = {isa = PBXFileReference; lastKnownFileType = file.storyboard; name = Base; path = Base.lproj/LaunchScreen.storyboard; sourceTree = "<group>"; };
		EED70C3B28E1AA3F009B976C /* Info.plist */ = {isa = PBXFileReference; lastKnownFileType = text.plist.xml; path = Info.plist; sourceTree = "<group>"; };
/* End PBXFileReference section */

/* Begin PBXFrameworksBuildPhase section */
		EED70C2728E1AA3C009B976C /* Frameworks */ = {
			isa = PBXFrameworksBuildPhase;
			buildActionMask = 2147483647;
			files = (
				7CF0C777B7D041BEFABDD14C /* Pods_Student_Day.framework in Frameworks */,
			);
			runOnlyForDeploymentPostprocessing = 0;
		};
/* End PBXFrameworksBuildPhase section */

/* Begin PBXGroup section */
		4EB24A98660D0FD8F2B6C3BE /* Frameworks */ = {
			isa = PBXGroup;
			children = (
				1F30DD24B222130252440634 /* Pods_Student_Day.framework */,
			);
			name = Frameworks;
			sourceTree = "<group>";
		};
		CB3EAC8DD4DD5AC0DB42B39F /* Pods */ = {
			isa = PBXGroup;
			children = (
				A4C4E7FC8445B96229CE36E2 /* Pods-Student Day.debug.xcconfig */,
				BA32DF8EF6545A037D3B9D58 /* Pods-Student Day.release.xcconfig */,
			);
			path = Pods;
			sourceTree = "<group>";
		};
		EE47BCF429366D920097FBEB /* videos and photos */ = {
			isa = PBXGroup;
			children = (
			);
			path = "videos and photos";
			sourceTree = "<group>";
		};
		EE4A380D28E2F2EA0041C714 /* cells */ = {
			isa = PBXGroup;
			children = (
				EE4A380E28E2F3150041C714 /* CellForSchedule.swift */,
				EE4A380F28E2F3150041C714 /* CellForSchedule.xib */,
				EE8110AF28E8E628003E0CF8 /* ChoosingTypeOfClassCell.swift */,
				EE8110B028E8E628003E0CF8 /* ChoosingTypeOfClassCell.xib */,
			);
			path = cells;
			sourceTree = "<group>";
		};
		EE9C835828E4940600A3E603 /* Settings */ = {
			isa = PBXGroup;
			children = (
				EEAA477F28E88AC000E7D087 /* AddingClassesControllers */,
				EE6037C228E4A7CC00FE308F /* SettingsClassesController.swift */,
			);
			path = Settings;
			sourceTree = "<group>";
		};
		EEAA477F28E88AC000E7D087 /* AddingClassesControllers */ = {
			isa = PBXGroup;
			children = (
				EEADA21228E6818D007B11B2 /* AddingClassController.swift */,
				EEAA478028E88B0C00E7D087 /* ChoosingColorAndTypeController.swift */,
				EEBB738E28F6F8320086B48D /* AddedSubjectTeacherPlaceController.swift */,
				EE6037C028E499EB00FE308F /* SettingsFirstPageController.swift */,
			);
			path = AddingClassesControllers;
			sourceTree = "<group>";
		};
		EED70C2128E1AA3C009B976C = {
			isa = PBXGroup;
			children = (
				EE47BCF429366D920097FBEB /* videos and photos */,
				EED70C2C28E1AA3C009B976C /* Student Day */,
				EED70C2B28E1AA3C009B976C /* Products */,
				CB3EAC8DD4DD5AC0DB42B39F /* Pods */,
				4EB24A98660D0FD8F2B6C3BE /* Frameworks */,
			);
			sourceTree = "<group>";
		};
		EED70C2B28E1AA3C009B976C /* Products */ = {
			isa = PBXGroup;
			children = (
				EED70C2A28E1AA3C009B976C /* Student Day.app */,
			);
			name = Products;
			sourceTree = "<group>";
		};
		EED70C2C28E1AA3C009B976C /* Student Day */ = {
			isa = PBXGroup;
			children = (
				EED70C4428E1AA73009B976C /* Controller */,
				EED70C4328E1AA6B009B976C /* Model */,
				EED70C4128E1AA4A009B976C /* View */,
				EED70C2D28E1AA3C009B976C /* AppDelegate.swift */,
				EED70C2F28E1AA3C009B976C /* SceneDelegate.swift */,
				EED70C3628E1AA3F009B976C /* Assets.xcassets */,
				EED70C3B28E1AA3F009B976C /* Info.plist */,
			);
			path = "Student Day";
			sourceTree = "<group>";
		};
		EED70C4128E1AA4A009B976C /* View */ = {
			isa = PBXGroup;
			children = (
				EE4A380D28E2F2EA0041C714 /* cells */,
				EED70C4228E1AA53009B976C /* Storyboard */,
			);
			path = View;
			sourceTree = "<group>";
		};
		EED70C4228E1AA53009B976C /* Storyboard */ = {
			isa = PBXGroup;
			children = (
				EED70C3328E1AA3C009B976C /* Main.storyboard */,
				EED70C3828E1AA3F009B976C /* LaunchScreen.storyboard */,
			);
			path = Storyboard;
			sourceTree = "<group>";
		};
		EED70C4328E1AA6B009B976C /* Model */ = {
			isa = PBXGroup;
			children = (
				EE9C835628E4526800A3E603 /* CellForScheduleModel.swift */,
				EE6FE3AA28E4AEB900F0EADA /* Storage.swift */,
				EE6BF66128EAF404006CFAD0 /* Student Day.xcdatamodeld */,
				EE56C7BC29353DED0011433A /* Notifications.swift */,
			);
			path = Model;
			sourceTree = "<group>";
		};
		EED70C4428E1AA73009B976C /* Controller */ = {
			isa = PBXGroup;
			children = (
				EE9C835828E4940600A3E603 /* Settings */,
				EEC5884128E1C656005FB604 /* ScheduleViewController.swift */,
			);
			path = Controller;
			sourceTree = "<group>";
		};
/* End PBXGroup section */

/* Begin PBXNativeTarget section */
		EED70C2928E1AA3C009B976C /* Student Day */ = {
			isa = PBXNativeTarget;
			buildConfigurationList = EED70C3E28E1AA3F009B976C /* Build configuration list for PBXNativeTarget "Student Day" */;
			buildPhases = (
				526051F35546F694D52F3051 /* [CP] Check Pods Manifest.lock */,
				EED70C2628E1AA3C009B976C /* Sources */,
				EED70C2728E1AA3C009B976C /* Frameworks */,
				EED70C2828E1AA3C009B976C /* Resources */,
				C1A80E1118DFFF72821FA23F /* [CP] Embed Pods Frameworks */,
			);
			buildRules = (
			);
			dependencies = (
			);
			name = "Student Day";
			packageProductDependencies = (
			);
			productName = "Student Day";
			productReference = EED70C2A28E1AA3C009B976C /* Student Day.app */;
			productType = "com.apple.product-type.application";
		};
/* End PBXNativeTarget section */

/* Begin PBXProject section */
		EED70C2228E1AA3C009B976C /* Project object */ = {
			isa = PBXProject;
			attributes = {
				BuildIndependentTargetsInParallel = 1;
				LastSwiftUpdateCheck = 1340;
				LastUpgradeCheck = 1340;
				TargetAttributes = {
					EED70C2928E1AA3C009B976C = {
						CreatedOnToolsVersion = 13.4.1;
					};
				};
			};
			buildConfigurationList = EED70C2528E1AA3C009B976C /* Build configuration list for PBXProject "Student Day" */;
			compatibilityVersion = "Xcode 13.0";
			developmentRegion = en;
			hasScannedForEncodings = 0;
			knownRegions = (
				en,
				Base,
			);
			mainGroup = EED70C2128E1AA3C009B976C;
			packageReferences = (
			);
			productRefGroup = EED70C2B28E1AA3C009B976C /* Products */;
			projectDirPath = "";
			projectRoot = "";
			targets = (
				EED70C2928E1AA3C009B976C /* Student Day */,
			);
		};
/* End PBXProject section */

/* Begin PBXResourcesBuildPhase section */
		EED70C2828E1AA3C009B976C /* Resources */ = {
			isa = PBXResourcesBuildPhase;
			buildActionMask = 2147483647;
			files = (
				EE4A381128E2F3150041C714 /* CellForSchedule.xib in Resources */,
				EE8110B228E8E628003E0CF8 /* ChoosingTypeOfClassCell.xib in Resources */,
				EED70C3A28E1AA3F009B976C /* LaunchScreen.storyboard in Resources */,
				EED70C3728E1AA3F009B976C /* Assets.xcassets in Resources */,
				EED70C3528E1AA3C009B976C /* Main.storyboard in Resources */,
			);
			runOnlyForDeploymentPostprocessing = 0;
		};
/* End PBXResourcesBuildPhase section */

/* Begin PBXShellScriptBuildPhase section */
		526051F35546F694D52F3051 /* [CP] Check Pods Manifest.lock */ = {
			isa = PBXShellScriptBuildPhase;
			buildActionMask = 2147483647;
			files = (
			);
			inputFileListPaths = (
			);
			inputPaths = (
				"${PODS_PODFILE_DIR_PATH}/Podfile.lock",
				"${PODS_ROOT}/Manifest.lock",
			);
			name = "[CP] Check Pods Manifest.lock";
			outputFileListPaths = (
			);
			outputPaths = (
				"$(DERIVED_FILE_DIR)/Pods-Student Day-checkManifestLockResult.txt",
			);
			runOnlyForDeploymentPostprocessing = 0;
			shellPath = /bin/sh;
			shellScript = "diff \"${PODS_PODFILE_DIR_PATH}/Podfile.lock\" \"${PODS_ROOT}/Manifest.lock\" > /dev/null\nif [ $? != 0 ] ; then\n    # print error to STDERR\n    echo \"error: The sandbox is not in sync with the Podfile.lock. Run 'pod install' or update your CocoaPods installation.\" >&2\n    exit 1\nfi\n# This output is used by Xcode 'outputs' to avoid re-running this script phase.\necho \"SUCCESS\" > \"${SCRIPT_OUTPUT_FILE_0}\"\n";
			showEnvVarsInLog = 0;
		};
		C1A80E1118DFFF72821FA23F /* [CP] Embed Pods Frameworks */ = {
			isa = PBXShellScriptBuildPhase;
			buildActionMask = 2147483647;
			files = (
			);
			inputFileListPaths = (
				"${PODS_ROOT}/Target Support Files/Pods-Student Day/Pods-Student Day-frameworks-${CONFIGURATION}-input-files.xcfilelist",
			);
			name = "[CP] Embed Pods Frameworks";
			outputFileListPaths = (
				"${PODS_ROOT}/Target Support Files/Pods-Student Day/Pods-Student Day-frameworks-${CONFIGURATION}-output-files.xcfilelist",
			);
			runOnlyForDeploymentPostprocessing = 0;
			shellPath = /bin/sh;
			shellScript = "\"${PODS_ROOT}/Target Support Files/Pods-Student Day/Pods-Student Day-frameworks.sh\"\n";
			showEnvVarsInLog = 0;
		};
/* End PBXShellScriptBuildPhase section */

/* Begin PBXSourcesBuildPhase section */
		EED70C2628E1AA3C009B976C /* Sources */ = {
			isa = PBXSourcesBuildPhase;
			buildActionMask = 2147483647;
			files = (
				EEADA21328E6818D007B11B2 /* AddingClassController.swift in Sources */,
				EE6037C128E499EB00FE308F /* SettingsFirstPageController.swift in Sources */,
				EE9C835728E4526800A3E603 /* CellForScheduleModel.swift in Sources */,
				EE4A381028E2F3150041C714 /* CellForSchedule.swift in Sources */,
				EEBB738F28F6F8320086B48D /* AddedSubjectTeacherPlaceController.swift in Sources */,
				EE8110B128E8E628003E0CF8 /* ChoosingTypeOfClassCell.swift in Sources */,
				EEC5884228E1C656005FB604 /* ScheduleViewController.swift in Sources */,
				EED70C2E28E1AA3C009B976C /* AppDelegate.swift in Sources */,
				EE56C7BD29353DED0011433A /* Notifications.swift in Sources */,
				EE6FE3AB28E4AEB900F0EADA /* Storage.swift in Sources */,
				EEAA478128E88B0C00E7D087 /* ChoosingColorAndTypeController.swift in Sources */,
				EED70C3028E1AA3C009B976C /* SceneDelegate.swift in Sources */,
				EE6037C328E4A7CC00FE308F /* SettingsClassesController.swift in Sources */,
				EE6BF66328EAF404006CFAD0 /* Student Day.xcdatamodeld in Sources */,
			);
			runOnlyForDeploymentPostprocessing = 0;
		};
/* End PBXSourcesBuildPhase section */

/* Begin PBXVariantGroup section */
		EED70C3328E1AA3C009B976C /* Main.storyboard */ = {
			isa = PBXVariantGroup;
			children = (
				EED70C3428E1AA3C009B976C /* Base */,
			);
			name = Main.storyboard;
			sourceTree = "<group>";
		};
		EED70C3828E1AA3F009B976C /* LaunchScreen.storyboard */ = {
			isa = PBXVariantGroup;
			children = (
				EED70C3928E1AA3F009B976C /* Base */,
			);
			name = LaunchScreen.storyboard;
			sourceTree = "<group>";
		};
/* End PBXVariantGroup section */

/* Begin XCBuildConfiguration section */
		EED70C3C28E1AA3F009B976C /* Debug */ = {
			isa = XCBuildConfiguration;
			buildSettings = {
				ALWAYS_SEARCH_USER_PATHS = NO;
				CLANG_ANALYZER_NONNULL = YES;
				CLANG_ANALYZER_NUMBER_OBJECT_CONVERSION = YES_AGGRESSIVE;
				CLANG_CXX_LANGUAGE_STANDARD = "gnu++17";
				CLANG_ENABLE_MODULES = YES;
				CLANG_ENABLE_OBJC_ARC = YES;
				CLANG_ENABLE_OBJC_WEAK = YES;
				CLANG_WARN_BLOCK_CAPTURE_AUTORELEASING = YES;
				CLANG_WARN_BOOL_CONVERSION = YES;
				CLANG_WARN_COMMA = YES;
				CLANG_WARN_CONSTANT_CONVERSION = YES;
				CLANG_WARN_DEPRECATED_OBJC_IMPLEMENTATIONS = YES;
				CLANG_WARN_DIRECT_OBJC_ISA_USAGE = YES_ERROR;
				CLANG_WARN_DOCUMENTATION_COMMENTS = YES;
				CLANG_WARN_EMPTY_BODY = YES;
				CLANG_WARN_ENUM_CONVERSION = YES;
				CLANG_WARN_INFINITE_RECURSION = YES;
				CLANG_WARN_INT_CONVERSION = YES;
				CLANG_WARN_NON_LITERAL_NULL_CONVERSION = YES;
				CLANG_WARN_OBJC_IMPLICIT_RETAIN_SELF = YES;
				CLANG_WARN_OBJC_LITERAL_CONVERSION = YES;
				CLANG_WARN_OBJC_ROOT_CLASS = YES_ERROR;
				CLANG_WARN_QUOTED_INCLUDE_IN_FRAMEWORK_HEADER = YES;
				CLANG_WARN_RANGE_LOOP_ANALYSIS = YES;
				CLANG_WARN_STRICT_PROTOTYPES = YES;
				CLANG_WARN_SUSPICIOUS_MOVE = YES;
				CLANG_WARN_UNGUARDED_AVAILABILITY = YES_AGGRESSIVE;
				CLANG_WARN_UNREACHABLE_CODE = YES;
				CLANG_WARN__DUPLICATE_METHOD_MATCH = YES;
				COPY_PHASE_STRIP = NO;
				DEBUG_INFORMATION_FORMAT = dwarf;
				ENABLE_STRICT_OBJC_MSGSEND = YES;
				ENABLE_TESTABILITY = YES;
				GCC_C_LANGUAGE_STANDARD = gnu11;
				GCC_DYNAMIC_NO_PIC = NO;
				GCC_NO_COMMON_BLOCKS = YES;
				GCC_OPTIMIZATION_LEVEL = 0;
				GCC_PREPROCESSOR_DEFINITIONS = (
					"DEBUG=1",
					"$(inherited)",
				);
				GCC_WARN_64_TO_32_BIT_CONVERSION = YES;
				GCC_WARN_ABOUT_RETURN_TYPE = YES_ERROR;
				GCC_WARN_UNDECLARED_SELECTOR = YES;
				GCC_WARN_UNINITIALIZED_AUTOS = YES_AGGRESSIVE;
				GCC_WARN_UNUSED_FUNCTION = YES;
				GCC_WARN_UNUSED_VARIABLE = YES;
				IPHONEOS_DEPLOYMENT_TARGET = 15.5;
				MTL_ENABLE_DEBUG_INFO = INCLUDE_SOURCE;
				MTL_FAST_MATH = YES;
				ONLY_ACTIVE_ARCH = YES;
				SDKROOT = iphoneos;
				SWIFT_ACTIVE_COMPILATION_CONDITIONS = DEBUG;
				SWIFT_OPTIMIZATION_LEVEL = "-Onone";
			};
			name = Debug;
		};
		EED70C3D28E1AA3F009B976C /* Release */ = {
			isa = XCBuildConfiguration;
			buildSettings = {
				ALWAYS_SEARCH_USER_PATHS = NO;
				CLANG_ANALYZER_NONNULL = YES;
				CLANG_ANALYZER_NUMBER_OBJECT_CONVERSION = YES_AGGRESSIVE;
				CLANG_CXX_LANGUAGE_STANDARD = "gnu++17";
				CLANG_ENABLE_MODULES = YES;
				CLANG_ENABLE_OBJC_ARC = YES;
				CLANG_ENABLE_OBJC_WEAK = YES;
				CLANG_WARN_BLOCK_CAPTURE_AUTORELEASING = YES;
				CLANG_WARN_BOOL_CONVERSION = YES;
				CLANG_WARN_COMMA = YES;
				CLANG_WARN_CONSTANT_CONVERSION = YES;
				CLANG_WARN_DEPRECATED_OBJC_IMPLEMENTATIONS = YES;
				CLANG_WARN_DIRECT_OBJC_ISA_USAGE = YES_ERROR;
				CLANG_WARN_DOCUMENTATION_COMMENTS = YES;
				CLANG_WARN_EMPTY_BODY = YES;
				CLANG_WARN_ENUM_CONVERSION = YES;
				CLANG_WARN_INFINITE_RECURSION = YES;
				CLANG_WARN_INT_CONVERSION = YES;
				CLANG_WARN_NON_LITERAL_NULL_CONVERSION = YES;
				CLANG_WARN_OBJC_IMPLICIT_RETAIN_SELF = YES;
				CLANG_WARN_OBJC_LITERAL_CONVERSION = YES;
				CLANG_WARN_OBJC_ROOT_CLASS = YES_ERROR;
				CLANG_WARN_QUOTED_INCLUDE_IN_FRAMEWORK_HEADER = YES;
				CLANG_WARN_RANGE_LOOP_ANALYSIS = YES;
				CLANG_WARN_STRICT_PROTOTYPES = YES;
				CLANG_WARN_SUSPICIOUS_MOVE = YES;
				CLANG_WARN_UNGUARDED_AVAILABILITY = YES_AGGRESSIVE;
				CLANG_WARN_UNREACHABLE_CODE = YES;
				CLANG_WARN__DUPLICATE_METHOD_MATCH = YES;
				COPY_PHASE_STRIP = NO;
				DEBUG_INFORMATION_FORMAT = "dwarf-with-dsym";
				ENABLE_NS_ASSERTIONS = NO;
				ENABLE_STRICT_OBJC_MSGSEND = YES;
				GCC_C_LANGUAGE_STANDARD = gnu11;
				GCC_NO_COMMON_BLOCKS = YES;
				GCC_WARN_64_TO_32_BIT_CONVERSION = YES;
				GCC_WARN_ABOUT_RETURN_TYPE = YES_ERROR;
				GCC_WARN_UNDECLARED_SELECTOR = YES;
				GCC_WARN_UNINITIALIZED_AUTOS = YES_AGGRESSIVE;
				GCC_WARN_UNUSED_FUNCTION = YES;
				GCC_WARN_UNUSED_VARIABLE = YES;
				IPHONEOS_DEPLOYMENT_TARGET = 15.5;
				MTL_ENABLE_DEBUG_INFO = NO;
				MTL_FAST_MATH = YES;
				SDKROOT = iphoneos;
				SWIFT_COMPILATION_MODE = wholemodule;
				SWIFT_OPTIMIZATION_LEVEL = "-O";
				VALIDATE_PRODUCT = YES;
			};
			name = Release;
		};
		EED70C3F28E1AA3F009B976C /* Debug */ = {
			isa = XCBuildConfiguration;
			baseConfigurationReference = A4C4E7FC8445B96229CE36E2 /* Pods-Student Day.debug.xcconfig */;
			buildSettings = {
				ASSETCATALOG_COMPILER_APPICON_NAME = AppIcon;
				ASSETCATALOG_COMPILER_GLOBAL_ACCENT_COLOR_NAME = AccentColor;
				CODE_SIGN_IDENTITY = "Apple Development";
				CODE_SIGN_STYLE = Automatic;
				CURRENT_PROJECT_VERSION = 1;
				DEVELOPMENT_TEAM = 4FV5WJHF4V;
				GENERATE_INFOPLIST_FILE = YES;
				INFOPLIST_FILE = "Student Day/Info.plist";
				INFOPLIST_KEY_UIApplicationSupportsIndirectInputEvents = YES;
				INFOPLIST_KEY_UILaunchStoryboardName = LaunchScreen;
				INFOPLIST_KEY_UIMainStoryboardFile = Main;
				INFOPLIST_KEY_UIRequiresFullScreen = NO;
				INFOPLIST_KEY_UIStatusBarHidden = NO;
				INFOPLIST_KEY_UISupportedInterfaceOrientations_iPad = "UIInterfaceOrientationPortrait UIInterfaceOrientationPortraitUpsideDown UIInterfaceOrientationLandscapeLeft UIInterfaceOrientationLandscapeRight";
				INFOPLIST_KEY_UISupportedInterfaceOrientations_iPhone = "UIInterfaceOrientationPortrait UIInterfaceOrientationLandscapeLeft UIInterfaceOrientationLandscapeRight";
				LD_RUNPATH_SEARCH_PATHS = (
					"$(inherited)",
					"@executable_path/Frameworks",
				);
				MARKETING_VERSION = 1.0;
				PRODUCT_BUNDLE_IDENTIFIER = "shredding.Student-Day";
				PRODUCT_NAME = "$(TARGET_NAME)";
				PROVISIONING_PROFILE_SPECIFIER = "";
				SWIFT_EMIT_LOC_STRINGS = YES;
				SWIFT_VERSION = 5.0;
				TARGETED_DEVICE_FAMILY = "1,2";
			};
			name = Debug;
		};
		EED70C4028E1AA3F009B976C /* Release */ = {
			isa = XCBuildConfiguration;
			baseConfigurationReference = BA32DF8EF6545A037D3B9D58 /* Pods-Student Day.release.xcconfig */;
			buildSettings = {
				ASSETCATALOG_COMPILER_APPICON_NAME = AppIcon;
				ASSETCATALOG_COMPILER_GLOBAL_ACCENT_COLOR_NAME = AccentColor;
				CODE_SIGN_IDENTITY = "Apple Development";
				CODE_SIGN_STYLE = Automatic;
				CURRENT_PROJECT_VERSION = 1;
				DEVELOPMENT_TEAM = 4FV5WJHF4V;
				GENERATE_INFOPLIST_FILE = YES;
				INFOPLIST_FILE = "Student Day/Info.plist";
				INFOPLIST_KEY_UIApplicationSupportsIndirectInputEvents = YES;
				INFOPLIST_KEY_UILaunchStoryboardName = LaunchScreen;
				INFOPLIST_KEY_UIMainStoryboardFile = Main;
				INFOPLIST_KEY_UIRequiresFullScreen = NO;
				INFOPLIST_KEY_UIStatusBarHidden = NO;
				INFOPLIST_KEY_UISupportedInterfaceOrientations_iPad = "UIInterfaceOrientationPortrait UIInterfaceOrientationPortraitUpsideDown UIInterfaceOrientationLandscapeLeft UIInterfaceOrientationLandscapeRight";
				INFOPLIST_KEY_UISupportedInterfaceOrientations_iPhone = "UIInterfaceOrientationPortrait UIInterfaceOrientationLandscapeLeft UIInterfaceOrientationLandscapeRight";
				LD_RUNPATH_SEARCH_PATHS = (
					"$(inherited)",
					"@executable_path/Frameworks",
				);
				MARKETING_VERSION = 1.0;
				PRODUCT_BUNDLE_IDENTIFIER = "shredding.Student-Day";
				PRODUCT_NAME = "$(TARGET_NAME)";
				PROVISIONING_PROFILE_SPECIFIER = "";
				SWIFT_EMIT_LOC_STRINGS = YES;
				SWIFT_VERSION = 5.0;
				TARGETED_DEVICE_FAMILY = "1,2";
			};
			name = Release;
		};
/* End XCBuildConfiguration section */

/* Begin XCConfigurationList section */
		EED70C2528E1AA3C009B976C /* Build configuration list for PBXProject "Student Day" */ = {
			isa = XCConfigurationList;
			buildConfigurations = (
				EED70C3C28E1AA3F009B976C /* Debug */,
				EED70C3D28E1AA3F009B976C /* Release */,
			);
			defaultConfigurationIsVisible = 0;
			defaultConfigurationName = Release;
		};
		EED70C3E28E1AA3F009B976C /* Build configuration list for PBXNativeTarget "Student Day" */ = {
			isa = XCConfigurationList;
			buildConfigurations = (
				EED70C3F28E1AA3F009B976C /* Debug */,
				EED70C4028E1AA3F009B976C /* Release */,
			);
			defaultConfigurationIsVisible = 0;
			defaultConfigurationName = Release;
		};
/* End XCConfigurationList section */

/* Begin XCVersionGroup section */
		EE6BF66128EAF404006CFAD0 /* Student Day.xcdatamodeld */ = {
			isa = XCVersionGroup;
			children = (
				EE6BF66228EAF404006CFAD0 /* ScheduleData.xcdatamodel */,
			);
			currentVersion = EE6BF66228EAF404006CFAD0 /* ScheduleData.xcdatamodel */;
			path = "Student Day.xcdatamodeld";
			sourceTree = "<group>";
			versionGroupType = wrapper.xcdatamodel;
		};
/* End XCVersionGroup section */
	};
	rootObject = EED70C2228E1AA3C009B976C /* Project object */;
}
