{
  "pins" : [
    {
      "identity" : "uicolor-extensions",
      "kind" : "remoteSourceControl",
      "location" : "https://github.com/SHREDDING8/UIColor-Extensions.git",
      "state" : {
        "branch" : "main",
        "revision" : "738d8df401ec9f7232b29be53f9670fc0871d63b"
      }
    }
  ],
  "version" : 2
}
